
Microsoft Visual Studio Solution File, Format Version 12.00
# Visual Studio Version 16
VisualStudioVersion = 16.0.30503.244
MinimumVisualStudioVersion = 10.0.40219.1
Project("{FAE04EC0-301F-11D3-BF4B-00C04F79EFBC}") = "MailboxCreationAutomationConsole", "MailboxCreationAutomationConsole\MailboxCreationAutomationConsole.csproj", "{3C290DF0-6AAF-41ED-9C2D-9D3DF80E9F3D}"
	ProjectSection(ProjectDependencies) = postProject
		{F2E95F5B-5990-4555-9DC4-A4E5886FCAB0} = {F2E95F5B-5990-4555-9DC4-A4E5886FCAB0}
	EndProjectSection
EndProject
Project("{FAE04EC0-301F-11D3-BF4B-00C04F79EFBC}") = "MailboxCreationAutomation", "MailboxCreationAutomation\MailboxCreationAutomation.csproj", "{F2E95F5B-5990-4555-9DC4-A4E5886FCAB0}"
EndProject
Project("{FAE04EC0-301F-11D3-BF4B-00C04F79EFBC}") = "MultipleMailboxCreationAutomationConsole", "MultipleMailboxCreationAutomationConsole\MultipleMailboxCreationAutomationConsole.csproj", "{B5E04601-6F93-4BC5-9DB0-FD05AE8E4119}"
	ProjectSection(ProjectDependencies) = postProject
		{F2E95F5B-5990-4555-9DC4-A4E5886FCAB0} = {F2E95F5B-5990-4555-9DC4-A4E5886FCAB0}
		{3C290DF0-6AAF-41ED-9C2D-9D3DF80E9F3D} = {3C290DF0-6AAF-41ED-9C2D-9D3DF80E9F3D}
	EndProjectSection
EndProject
Project("{FAE04EC0-301F-11D3-BF4B-00C04F79EFBC}") = "MailboxBackupTestConsole", "MailboxBackupTestConsole\MailboxBackupTestConsole.csproj", "{1CF10E3A-7129-4056-A5C7-466E187C2FCB}"
	ProjectSection(ProjectDependencies) = postProject
		{F2E95F5B-5990-4555-9DC4-A4E5886FCAB0} = {F2E95F5B-5990-4555-9DC4-A4E5886FCAB0}
	EndProjectSection
EndProject
Project("{FAE04EC0-301F-11D3-BF4B-00C04F79EFBC}") = "DPClientSDK", "DPClientSDK\DPClientSDK.csproj", "{632FA05B-CBD1-4A98-A4C3-FB43EB755330}"
EndProject
Project("{FAE04EC0-301F-11D3-BF4B-00C04F79EFBC}") = "TestConsoleApp", "TestConsoleApp\TestConsoleApp.csproj", "{A9C72A51-56BE-4646-B3BB-77ED7307AC67}"
EndProject
Global
	GlobalSection(SolutionConfigurationPlatforms) = preSolution
		Debug|Any CPU = Debug|Any CPU
		Release|Any CPU = Release|Any CPU
	EndGlobalSection
	GlobalSection(ProjectConfigurationPlatforms) = postSolution
		{3C290DF0-6AAF-41ED-9C2D-9D3DF80E9F3D}.Debug|Any CPU.ActiveCfg = Debug|Any CPU
		{3C290DF0-6AAF-41ED-9C2D-9D3DF80E9F3D}.Debug|Any CPU.Build.0 = Debug|Any CPU
		{3C290DF0-6AAF-41ED-9C2D-9D3DF80E9F3D}.Release|Any CPU.ActiveCfg = Release|Any CPU
		{3C290DF0-6AAF-41ED-9C2D-9D3DF80E9F3D}.Release|Any CPU.Build.0 = Release|Any CPU
		{F2E95F5B-5990-4555-9DC4-A4E5886FCAB0}.Debug|Any CPU.ActiveCfg = Debug|Any CPU
		{F2E95F5B-5990-4555-9DC4-A4E5886FCAB0}.Debug|Any CPU.Build.0 = Debug|Any CPU
		{F2E95F5B-5990-4555-9DC4-A4E5886FCAB0}.Release|Any CPU.ActiveCfg = Release|Any CPU
		{F2E95F5B-5990-4555-9DC4-A4E5886FCAB0}.Release|Any CPU.Build.0 = Release|Any CPU
		{B5E04601-6F93-4BC5-9DB0-FD05AE8E4119}.Debug|Any CPU.ActiveCfg = Debug|Any CPU
		{B5E04601-6F93-4BC5-9DB0-FD05AE8E4119}.Debug|Any CPU.Build.0 = Debug|Any CPU
		{B5E04601-6F93-4BC5-9DB0-FD05AE8E4119}.Release|Any CPU.ActiveCfg = Release|Any CPU
		{B5E04601-6F93-4BC5-9DB0-FD05AE8E4119}.Release|Any CPU.Build.0 = Release|Any CPU
		{1CF10E3A-7129-4056-A5C7-466E187C2FCB}.Debug|Any CPU.ActiveCfg = Debug|Any CPU
		{1CF10E3A-7129-4056-A5C7-466E187C2FCB}.Debug|Any CPU.Build.0 = Debug|Any CPU
		{1CF10E3A-7129-4056-A5C7-466E187C2FCB}.Release|Any CPU.ActiveCfg = Release|Any CPU
		{1CF10E3A-7129-4056-A5C7-466E187C2FCB}.Release|Any CPU.Build.0 = Release|Any CPU
		{632FA05B-CBD1-4A98-A4C3-FB43EB755330}.Debug|Any CPU.ActiveCfg = Debug|Any CPU
		{632FA05B-CBD1-4A98-A4C3-FB43EB755330}.Debug|Any CPU.Build.0 = Debug|Any CPU
		{632FA05B-CBD1-4A98-A4C3-FB43EB755330}.Release|Any CPU.ActiveCfg = Release|Any CPU
		{632FA05B-CBD1-4A98-A4C3-FB43EB755330}.Release|Any CPU.Build.0 = Release|Any CPU
		{A9C72A51-56BE-4646-B3BB-77ED7307AC67}.Debug|Any CPU.ActiveCfg = Debug|Any CPU
		{A9C72A51-56BE-4646-B3BB-77ED7307AC67}.Debug|Any CPU.Build.0 = Debug|Any CPU
		{A9C72A51-56BE-4646-B3BB-77ED7307AC67}.Release|Any CPU.ActiveCfg = Release|Any CPU
		{A9C72A51-56BE-4646-B3BB-77ED7307AC67}.Release|Any CPU.Build.0 = Release|Any CPU
	EndGlobalSection
	GlobalSection(SolutionProperties) = preSolution
		HideSolutionNode = FALSE
	EndGlobalSection
	GlobalSection(ExtensibilityGlobals) = postSolution
		SolutionGuid = {D8E00DE7-9B3A-4179-9337-A1FB8525E5ED}
	EndGlobalSection
EndGlobal
